// !$*UTF8*$!
{
	archiveVersion = 1;
	classes = {
	};
	objectVersion = 55;
	objects = {

/* Begin PBXBuildFile section */
		1D0B5AAD28C8EEC300237A54 /* AppDelegate.swift in Sources */ = {isa = PBXBuildFile; fileRef = 1D0B5AAC28C8EEC300237A54 /* AppDelegate.swift */; };
		1D0B5AAF28C8EEC300237A54 /* SceneDelegate.swift in Sources */ = {isa = PBXBuildFile; fileRef = 1D0B5AAE28C8EEC300237A54 /* SceneDelegate.swift */; };
		1D0B5AB128C8EEC300237A54 /* ViewController.swift in Sources */ = {isa = PBXBuildFile; fileRef = 1D0B5AB028C8EEC300237A54 /* ViewController.swift */; };
		1D0B5AB428C8EEC300237A54 /* Main.storyboard in Resources */ = {isa = PBXBuildFile; fileRef = 1D0B5AB228C8EEC300237A54 /* Main.storyboard */; };
		1D0B5AB628C8EEC400237A54 /* Assets.xcassets in Resources */ = {isa = PBXBuildFile; fileRef = 1D0B5AB528C8EEC400237A54 /* Assets.xcassets */; };
		1D0B5AB928C8EEC400237A54 /* LaunchScreen.storyboard in Resources */ = {isa = PBXBuildFile; fileRef = 1D0B5AB728C8EEC400237A54 /* LaunchScreen.storyboard */; };
		1D0B5AC428C8EEC400237A54 /* app_caritasTests.swift in Sources */ = {isa = PBXBuildFile; fileRef = 1D0B5AC328C8EEC400237A54 /* app_caritasTests.swift */; };
		1D0B5ACE28C8EEC400237A54 /* app_caritasUITests.swift in Sources */ = {isa = PBXBuildFile; fileRef = 1D0B5ACD28C8EEC400237A54 /* app_caritasUITests.swift */; };
		1D0B5AD028C8EEC400237A54 /* app_caritasUITestsLaunchTests.swift in Sources */ = {isa = PBXBuildFile; fileRef = 1D0B5ACF28C8EEC400237A54 /* app_caritasUITestsLaunchTests.swift */; };
/* End PBXBuildFile section */

/* Begin PBXContainerItemProxy section */
		1D0B5AC028C8EEC400237A54 /* PBXContainerItemProxy */ = {
			isa = PBXContainerItemProxy;
			containerPortal = 1D0B5AA128C8EEC300237A54 /* Project object */;
			proxyType = 1;
			remoteGlobalIDString = 1D0B5AA828C8EEC300237A54;
			remoteInfo = app_caritas;
		};
		1D0B5ACA28C8EEC400237A54 /* PBXContainerItemProxy */ = {
			isa = PBXContainerItemProxy;
			containerPortal = 1D0B5AA128C8EEC300237A54 /* Project object */;
			proxyType = 1;
			remoteGlobalIDString = 1D0B5AA828C8EEC300237A54;
			remoteInfo = app_caritas;
		};
/* End PBXContainerItemProxy section */

/* Begin PBXFileReference section */
		1D0B5AA928C8EEC300237A54 /* app_caritas.app */ = {isa = PBXFileReference; explicitFileType = wrapper.application; includeInIndex = 0; path = app_caritas.app; sourceTree = BUILT_PRODUCTS_DIR; };
		1D0B5AAC28C8EEC300237A54 /* AppDelegate.swift */ = {isa = PBXFileReference; lastKnownFileType = sourcecode.swift; path = AppDelegate.swift; sourceTree = "<group>"; };
		1D0B5AAE28C8EEC300237A54 /* SceneDelegate.swift */ = {isa = PBXFileReference; lastKnownFileType = sourcecode.swift; path = SceneDelegate.swift; sourceTree = "<group>"; };
		1D0B5AB028C8EEC300237A54 /* ViewController.swift */ = {isa = PBXFileReference; lastKnownFileType = sourcecode.swift; path = ViewController.swift; sourceTree = "<group>"; };
		1D0B5AB328C8EEC300237A54 /* Base */ = {isa = PBXFileReference; lastKnownFileType = file.storyboard; name = Base; path = Base.lproj/Main.storyboard; sourceTree = "<group>"; };
		1D0B5AB528C8EEC400237A54 /* Assets.xcassets */ = {isa = PBXFileReference; lastKnownFileType = folder.assetcatalog; path = Assets.xcassets; sourceTree = "<group>"; };
		1D0B5AB828C8EEC400237A54 /* Base */ = {isa = PBXFileReference; lastKnownFileType = file.storyboard; name = Base; path = Base.lproj/LaunchScreen.storyboard; sourceTree = "<group>"; };
		1D0B5ABA28C8EEC400237A54 /* Info.plist */ = {isa = PBXFileReference; lastKnownFileType = text.plist.xml; path = Info.plist; sourceTree = "<group>"; };
		1D0B5ABF28C8EEC400237A54 /* app_caritasTests.xctest */ = {isa = PBXFileReference; explicitFileType = wrapper.cfbundle; includeInIndex = 0; path = app_caritasTests.xctest; sourceTree = BUILT_PRODUCTS_DIR; };
		1D0B5AC328C8EEC400237A54 /* app_caritasTests.swift */ = {isa = PBXFileReference; lastKnownFileType = sourcecode.swift; path = app_caritasTests.swift; sourceTree = "<group>"; };
		1D0B5AC928C8EEC400237A54 /* app_caritasUITests.xctest */ = {isa = PBXFileReference; explicitFileType = wrapper.cfbundle; includeInIndex = 0; path = app_caritasUITests.xctest; sourceTree = BUILT_PRODUCTS_DIR; };
		1D0B5ACD28C8EEC400237A54 /* app_caritasUITests.swift */ = {isa = PBXFileReference; lastKnownFileType = sourcecode.swift; path = app_caritasUITests.swift; sourceTree = "<group>"; };
		1D0B5ACF28C8EEC400237A54 /* app_caritasUITestsLaunchTests.swift */ = {isa = PBXFileReference; lastKnownFileType = sourcecode.swift; path = app_caritasUITestsLaunchTests.swift; sourceTree = "<group>"; };
/* End PBXFileReference section */

/* Begin PBXFrameworksBuildPhase section */
		1D0B5AA628C8EEC300237A54 /* Frameworks */ = {
			isa = PBXFrameworksBuildPhase;
			buildActionMask = 2147483647;
			files = (
			);
			runOnlyForDeploymentPostprocessing = 0;
		};
		1D0B5ABC28C8EEC400237A54 /* Frameworks */ = {
			isa = PBXFrameworksBuildPhase;
			buildActionMask = 2147483647;
			files = (
			);
			runOnlyForDeploymentPostprocessing = 0;
		};
		1D0B5AC628C8EEC400237A54 /* Frameworks */ = {
			isa = PBXFrameworksBuildPhase;
			buildActionMask = 2147483647;
			files = (
			);
			runOnlyForDeploymentPostprocessing = 0;
		};
/* End PBXFrameworksBuildPhase section */

/* Begin PBXGroup section */
		1D0B5AA028C8EEC300237A54 = {
			isa = PBXGroup;
			children = (
				1D0B5AAB28C8EEC300237A54 /* app_caritas */,
				1D0B5AC228C8EEC400237A54 /* app_caritasTests */,
				1D0B5ACC28C8EEC400237A54 /* app_caritasUITests */,
				1D0B5AAA28C8EEC300237A54 /* Products */,
			);
			sourceTree = "<group>";
		};
		1D0B5AAA28C8EEC300237A54 /* Products */ = {
			isa = PBXGroup;
			children = (
				1D0B5AA928C8EEC300237A54 /* app_caritas.app */,
				1D0B5ABF28C8EEC400237A54 /* app_caritasTests.xctest */,
				1D0B5AC928C8EEC400237A54 /* app_caritasUITests.xctest */,
			);
			name = Products;
			sourceTree = "<group>";
		};
		1D0B5AAB28C8EEC300237A54 /* app_caritas */ = {
			isa = PBXGroup;
			children = (
				1D0B5AAC28C8EEC300237A54 /* AppDelegate.swift */,
				1D0B5AAE28C8EEC300237A54 /* SceneDelegate.swift */,
				1D0B5AB028C8EEC300237A54 /* ViewController.swift */,
				1D0B5AB228C8EEC300237A54 /* Main.storyboard */,
				1D0B5AB528C8EEC400237A54 /* Assets.xcassets */,
				1D0B5AB728C8EEC400237A54 /* LaunchScreen.storyboard */,
				1D0B5ABA28C8EEC400237A54 /* Info.plist */,
			);
			path = app_caritas;
			sourceTree = "<group>";
		};
		1D0B5AC228C8EEC400237A54 /* app_caritasTests */ = {
			isa = PBXGroup;
			children = (
				1D0B5AC328C8EEC400237A54 /* app_caritasTests.swift */,
			);
			path = app_caritasTests;
			sourceTree = "<group>";
		};
		1D0B5ACC28C8EEC400237A54 /* app_caritasUITests */ = {
			isa = PBXGroup;
			children = (
				1D0B5ACD28C8EEC400237A54 /* app_caritasUITests.swift */,
				1D0B5ACF28C8EEC400237A54 /* app_caritasUITestsLaunchTests.swift */,
			);
			path = app_caritasUITests;
			sourceTree = "<group>";
		};
/* End PBXGroup section */

/* Begin PBXNativeTarget section */
		1D0B5AA828C8EEC300237A54 /* app_caritas */ = {
			isa = PBXNativeTarget;
			buildConfigurationList = 1D0B5AD328C8EEC400237A54 /* Build configuration list for PBXNativeTarget "app_caritas" */;
			buildPhases = (
				1D0B5AA528C8EEC300237A54 /* Sources */,
				1D0B5AA628C8EEC300237A54 /* Frameworks */,
				1D0B5AA728C8EEC300237A54 /* Resources */,
			);
			buildRules = (
			);
			dependencies = (
			);
			name = app_caritas;
			productName = app_caritas;
			productReference = 1D0B5AA928C8EEC300237A54 /* app_caritas.app */;
			productType = "com.apple.product-type.application";
		};
		1D0B5ABE28C8EEC400237A54 /* app_caritasTests */ = {
			isa = PBXNativeTarget;
			buildConfigurationList = 1D0B5AD628C8EEC400237A54 /* Build configuration list for PBXNativeTarget "app_caritasTests" */;
			buildPhases = (
				1D0B5ABB28C8EEC400237A54 /* Sources */,
				1D0B5ABC28C8EEC400237A54 /* Frameworks */,
				1D0B5ABD28C8EEC400237A54 /* Resources */,
			);
			buildRules = (
			);
			dependencies = (
				1D0B5AC128C8EEC400237A54 /* PBXTargetDependency */,
			);
			name = app_caritasTests;
			productName = app_caritasTests;
			productReference = 1D0B5ABF28C8EEC400237A54 /* app_caritasTests.xctest */;
			productType = "com.apple.product-type.bundle.unit-test";
		};
		1D0B5AC828C8EEC400237A54 /* app_caritasUITests */ = {
			isa = PBXNativeTarget;
			buildConfigurationList = 1D0B5AD928C8EEC400237A54 /* Build configuration list for PBXNativeTarget "app_caritasUITests" */;
			buildPhases = (
				1D0B5AC528C8EEC400237A54 /* Sources */,
				1D0B5AC628C8EEC400237A54 /* Frameworks */,
				1D0B5AC728C8EEC400237A54 /* Resources */,
			);
			buildRules = (
			);
			dependencies = (
				1D0B5ACB28C8EEC400237A54 /* PBXTargetDependency */,
			);
			name = app_caritasUITests;
			productName = app_caritasUITests;
			productReference = 1D0B5AC928C8EEC400237A54 /* app_caritasUITests.xctest */;
			productType = "com.apple.product-type.bundle.ui-testing";
		};
/* End PBXNativeTarget section */

/* Begin PBXProject section */
		1D0B5AA128C8EEC300237A54 /* Project object */ = {
			isa = PBXProject;
			attributes = {
				BuildIndependentTargetsInParallel = 1;
				LastSwiftUpdateCheck = 1340;
				LastUpgradeCheck = 1340;
				TargetAttributes = {
					1D0B5AA828C8EEC300237A54 = {
						CreatedOnToolsVersion = 13.4.1;
					};
					1D0B5ABE28C8EEC400237A54 = {
						CreatedOnToolsVersion = 13.4.1;
						TestTargetID = 1D0B5AA828C8EEC300237A54;
					};
					1D0B5AC828C8EEC400237A54 = {
						CreatedOnToolsVersion = 13.4.1;
						TestTargetID = 1D0B5AA828C8EEC300237A54;
					};
				};
			};
			buildConfigurationList = 1D0B5AA428C8EEC300237A54 /* Build configuration list for PBXProject "app_caritas" */;
			compatibilityVersion = "Xcode 13.0";
			developmentRegion = en;
			hasScannedForEncodings = 0;
			knownRegions = (
				en,
				Base,
			);
			mainGroup = 1D0B5AA028C8EEC300237A54;
			productRefGroup = 1D0B5AAA28C8EEC300237A54 /* Products */;
			projectDirPath = "";
			projectRoot = "";
			targets = (
				1D0B5AA828C8EEC300237A54 /* app_caritas */,
				1D0B5ABE28C8EEC400237A54 /* app_caritasTests */,
				1D0B5AC828C8EEC400237A54 /* app_caritasUITests */,
			);
		};
/* End PBXProject section */

/* Begin PBXResourcesBuildPhase section */
		1D0B5AA728C8EEC300237A54 /* Resources */ = {
			isa = PBXResourcesBuildPhase;
			buildActionMask = 2147483647;
			files = (
				1D0B5AB928C8EEC400237A54 /* LaunchScreen.storyboard in Resources */,
				1D0B5AB628C8EEC400237A54 /* Assets.xcassets in Resources */,
				1D0B5AB428C8EEC300237A54 /* Main.storyboard in Resources */,
			);
			runOnlyForDeploymentPostprocessing = 0;
		};
		1D0B5ABD28C8EEC400237A54 /* Resources */ = {
			isa = PBXResourcesBuildPhase;
			buildActionMask = 2147483647;
			files = (
			);
			runOnlyForDeploymentPostprocessing = 0;
		};
		1D0B5AC728C8EEC400237A54 /* Resources */ = {
			isa = PBXResourcesBuildPhase;
			buildActionMask = 2147483647;
			files = (
			);
			runOnlyForDeploymentPostprocessing = 0;
		};
/* End PBXResourcesBuildPhase section */

/* Begin PBXSourcesBuildPhase section */
		1D0B5AA528C8EEC300237A54 /* Sources */ = {
			isa = PBXSourcesBuildPhase;
			buildActionMask = 2147483647;
			files = (
				1D0B5AB128C8EEC300237A54 /* ViewController.swift in Sources */,
				1D0B5AAD28C8EEC300237A54 /* AppDelegate.swift in Sources */,
				1D0B5AAF28C8EEC300237A54 /* SceneDelegate.swift in Sources */,
			);
			runOnlyForDeploymentPostprocessing = 0;
		};
		1D0B5ABB28C8EEC400237A54 /* Sources */ = {
			isa = PBXSourcesBuildPhase;
			buildActionMask = 2147483647;
			files = (
				1D0B5AC428C8EEC400237A54 /* app_caritasTests.swift in Sources */,
			);
			runOnlyForDeploymentPostprocessing = 0;
		};
		1D0B5AC528C8EEC400237A54 /* Sources */ = {
			isa = PBXSourcesBuildPhase;
			buildActionMask = 2147483647;
			files = (
				1D0B5AD028C8EEC400237A54 /* app_caritasUITestsLaunchTests.swift in Sources */,
				1D0B5ACE28C8EEC400237A54 /* app_caritasUITests.swift in Sources */,
			);
			runOnlyForDeploymentPostprocessing = 0;
		};
/* End PBXSourcesBuildPhase section */

/* Begin PBXTargetDependency section */
		1D0B5AC128C8EEC400237A54 /* PBXTargetDependency */ = {
			isa = PBXTargetDependency;
			target = 1D0B5AA828C8EEC300237A54 /* app_caritas */;
			targetProxy = 1D0B5AC028C8EEC400237A54 /* PBXContainerItemProxy */;
		};
		1D0B5ACB28C8EEC400237A54 /* PBXTargetDependency */ = {
			isa = PBXTargetDependency;
			target = 1D0B5AA828C8EEC300237A54 /* app_caritas */;
			targetProxy = 1D0B5ACA28C8EEC400237A54 /* PBXContainerItemProxy */;
		};
/* End PBXTargetDependency section */

/* Begin PBXVariantGroup section */
		1D0B5AB228C8EEC300237A54 /* Main.storyboard */ = {
			isa = PBXVariantGroup;
			children = (
				1D0B5AB328C8EEC300237A54 /* Base */,
			);
			name = Main.storyboard;
			sourceTree = "<group>";
		};
		1D0B5AB728C8EEC400237A54 /* LaunchScreen.storyboard */ = {
			isa = PBXVariantGroup;
			children = (
				1D0B5AB828C8EEC400237A54 /* Base */,
			);
			name = LaunchScreen.storyboard;
			sourceTree = "<group>";
		};
/* End PBXVariantGroup section */

/* Begin XCBuildConfiguration section */
		1D0B5AD128C8EEC400237A54 /* Debug */ = {
			isa = XCBuildConfiguration;
			buildSettings = {
				ALWAYS_SEARCH_USER_PATHS = NO;
				CLANG_ANALYZER_NONNULL = YES;
				CLANG_ANALYZER_NUMBER_OBJECT_CONVERSION = YES_AGGRESSIVE;
				CLANG_CXX_LANGUAGE_STANDARD = "gnu++17";
				CLANG_ENABLE_MODULES = YES;
				CLANG_ENABLE_OBJC_ARC = YES;
				CLANG_ENABLE_OBJC_WEAK = YES;
				CLANG_WARN_BLOCK_CAPTURE_AUTORELEASING = YES;
				CLANG_WARN_BOOL_CONVERSION = YES;
				CLANG_WARN_COMMA = YES;
				CLANG_WARN_CONSTANT_CONVERSION = YES;
				CLANG_WARN_DEPRECATED_OBJC_IMPLEMENTATIONS = YES;
				CLANG_WARN_DIRECT_OBJC_ISA_USAGE = YES_ERROR;
				CLANG_WARN_DOCUMENTATION_COMMENTS = YES;
				CLANG_WARN_EMPTY_BODY = YES;
				CLANG_WARN_ENUM_CONVERSION = YES;
				CLANG_WARN_INFINITE_RECURSION = YES;
				CLANG_WARN_INT_CONVERSION = YES;
				CLANG_WARN_NON_LITERAL_NULL_CONVERSION = YES;
				CLANG_WARN_OBJC_IMPLICIT_RETAIN_SELF = YES;
				CLANG_WARN_OBJC_LITERAL_CONVERSION = YES;
				CLANG_WARN_OBJC_ROOT_CLASS = YES_ERROR;
				CLANG_WARN_QUOTED_INCLUDE_IN_FRAMEWORK_HEADER = YES;
				CLANG_WARN_RANGE_LOOP_ANALYSIS = YES;
				CLANG_WARN_STRICT_PROTOTYPES = YES;
				CLANG_WARN_SUSPICIOUS_MOVE = YES;
				CLANG_WARN_UNGUARDED_AVAILABILITY = YES_AGGRESSIVE;
				CLANG_WARN_UNREACHABLE_CODE = YES;
				CLANG_WARN__DUPLICATE_METHOD_MATCH = YES;
				COPY_PHASE_STRIP = NO;
				DEBUG_INFORMATION_FORMAT = dwarf;
				ENABLE_STRICT_OBJC_MSGSEND = YES;
				ENABLE_TESTABILITY = YES;
				GCC_C_LANGUAGE_STANDARD = gnu11;
				GCC_DYNAMIC_NO_PIC = NO;
				GCC_NO_COMMON_BLOCKS = YES;
				GCC_OPTIMIZATION_LEVEL = 0;
				GCC_PREPROCESSOR_DEFINITIONS = (
					"DEBUG=1",
					"$(inherited)",
				);
				GCC_WARN_64_TO_32_BIT_CONVERSION = YES;
				GCC_WARN_ABOUT_RETURN_TYPE = YES_ERROR;
				GCC_WARN_UNDECLARED_SELECTOR = YES;
				GCC_WARN_UNINITIALIZED_AUTOS = YES_AGGRESSIVE;
				GCC_WARN_UNUSED_FUNCTION = YES;
				GCC_WARN_UNUSED_VARIABLE = YES;
				IPHONEOS_DEPLOYMENT_TARGET = 15.5;
				MTL_ENABLE_DEBUG_INFO = INCLUDE_SOURCE;
				MTL_FAST_MATH = YES;
				ONLY_ACTIVE_ARCH = YES;
				SDKROOT = iphoneos;
				SWIFT_ACTIVE_COMPILATION_CONDITIONS = DEBUG;
				SWIFT_OPTIMIZATION_LEVEL = "-Onone";
			};
			name = Debug;
		};
		1D0B5AD228C8EEC400237A54 /* Release */ = {
			isa = XCBuildConfiguration;
			buildSettings = {
				ALWAYS_SEARCH_USER_PATHS = NO;
				CLANG_ANALYZER_NONNULL = YES;
				CLANG_ANALYZER_NUMBER_OBJECT_CONVERSION = YES_AGGRESSIVE;
				CLANG_CXX_LANGUAGE_STANDARD = "gnu++17";
				CLANG_ENABLE_MODULES = YES;
				CLANG_ENABLE_OBJC_ARC = YES;
				CLANG_ENABLE_OBJC_WEAK = YES;
				CLANG_WARN_BLOCK_CAPTURE_AUTORELEASING = YES;
				CLANG_WARN_BOOL_CONVERSION = YES;
				CLANG_WARN_COMMA = YES;
				CLANG_WARN_CONSTANT_CONVERSION = YES;
				CLANG_WARN_DEPRECATED_OBJC_IMPLEMENTATIONS = YES;
				CLANG_WARN_DIRECT_OBJC_ISA_USAGE = YES_ERROR;
				CLANG_WARN_DOCUMENTATION_COMMENTS = YES;
				CLANG_WARN_EMPTY_BODY = YES;
				CLANG_WARN_ENUM_CONVERSION = YES;
				CLANG_WARN_INFINITE_RECURSION = YES;
				CLANG_WARN_INT_CONVERSION = YES;
				CLANG_WARN_NON_LITERAL_NULL_CONVERSION = YES;
				CLANG_WARN_OBJC_IMPLICIT_RETAIN_SELF = YES;
				CLANG_WARN_OBJC_LITERAL_CONVERSION = YES;
				CLANG_WARN_OBJC_ROOT_CLASS = YES_ERROR;
				CLANG_WARN_QUOTED_INCLUDE_IN_FRAMEWORK_HEADER = YES;
				CLANG_WARN_RANGE_LOOP_ANALYSIS = YES;
				CLANG_WARN_STRICT_PROTOTYPES = YES;
				CLANG_WARN_SUSPICIOUS_MOVE = YES;
				CLANG_WARN_UNGUARDED_AVAILABILITY = YES_AGGRESSIVE;
				CLANG_WARN_UNREACHABLE_CODE = YES;
				CLANG_WARN__DUPLICATE_METHOD_MATCH = YES;
				COPY_PHASE_STRIP = NO;
				DEBUG_INFORMATION_FORMAT = "dwarf-with-dsym";
				ENABLE_NS_ASSERTIONS = NO;
				ENABLE_STRICT_OBJC_MSGSEND = YES;
				GCC_C_LANGUAGE_STANDARD = gnu11;
				GCC_NO_COMMON_BLOCKS = YES;
				GCC_WARN_64_TO_32_BIT_CONVERSION = YES;
				GCC_WARN_ABOUT_RETURN_TYPE = YES_ERROR;
				GCC_WARN_UNDECLARED_SELECTOR = YES;
				GCC_WARN_UNINITIALIZED_AUTOS = YES_AGGRESSIVE;
				GCC_WARN_UNUSED_FUNCTION = YES;
				GCC_WARN_UNUSED_VARIABLE = YES;
				IPHONEOS_DEPLOYMENT_TARGET = 15.5;
				MTL_ENABLE_DEBUG_INFO = NO;
				MTL_FAST_MATH = YES;
				SDKROOT = iphoneos;
				SWIFT_COMPILATION_MODE = wholemodule;
				SWIFT_OPTIMIZATION_LEVEL = "-O";
				VALIDATE_PRODUCT = YES;
			};
			name = Release;
		};
		1D0B5AD428C8EEC400237A54 /* Debug */ = {
			isa = XCBuildConfiguration;
			buildSettings = {
				ASSETCATALOG_COMPILER_APPICON_NAME = AppIcon;
				ASSETCATALOG_COMPILER_GLOBAL_ACCENT_COLOR_NAME = AccentColor;
				CODE_SIGN_STYLE = Automatic;
				CURRENT_PROJECT_VERSION = 1;
				DEVELOPMENT_TEAM = 5GMK4XVG4X;
				GENERATE_INFOPLIST_FILE = YES;
				INFOPLIST_FILE = app_caritas/Info.plist;
				INFOPLIST_KEY_UIApplicationSupportsIndirectInputEvents = YES;
				INFOPLIST_KEY_UILaunchStoryboardName = LaunchScreen;
				INFOPLIST_KEY_UIMainStoryboardFile = Main;
				INFOPLIST_KEY_UISupportedInterfaceOrientations_iPad = "UIInterfaceOrientationPortrait UIInterfaceOrientationPortraitUpsideDown UIInterfaceOrientationLandscapeLeft UIInterfaceOrientationLandscapeRight";
				INFOPLIST_KEY_UISupportedInterfaceOrientations_iPhone = "UIInterfaceOrientationPortrait UIInterfaceOrientationLandscapeLeft UIInterfaceOrientationLandscapeRight";
				LD_RUNPATH_SEARCH_PATHS = (
					"$(inherited)",
					"@executable_path/Frameworks",
				);
				MARKETING_VERSION = 1.0;
				PRODUCT_BUNDLE_IDENTIFIER = "A00829837.app-caritas";
				PRODUCT_NAME = "$(TARGET_NAME)";
				SWIFT_EMIT_LOC_STRINGS = YES;
				SWIFT_VERSION = 5.0;
				TARGETED_DEVICE_FAMILY = "1,2";
			};
			name = Debug;
		};
		1D0B5AD528C8EEC400237A54 /* Release */ = {
			isa = XCBuildConfiguration;
			buildSettings = {
				ASSETCATALOG_COMPILER_APPICON_NAME = AppIcon;
				ASSETCATALOG_COMPILER_GLOBAL_ACCENT_COLOR_NAME = AccentColor;
				CODE_SIGN_STYLE = Automatic;
				CURRENT_PROJECT_VERSION = 1;
				DEVELOPMENT_TEAM = 5GMK4XVG4X;
				GENERATE_INFOPLIST_FILE = YES;
				INFOPLIST_FILE = app_caritas/Info.plist;
				INFOPLIST_KEY_UIApplicationSupportsIndirectInputEvents = YES;
				INFOPLIST_KEY_UILaunchStoryboardName = LaunchScreen;
				INFOPLIST_KEY_UIMainStoryboardFile = Main;
				INFOPLIST_KEY_UISupportedInterfaceOrientations_iPad = "UIInterfaceOrientationPortrait UIInterfaceOrientationPortraitUpsideDown UIInterfaceOrientationLandscapeLeft UIInterfaceOrientationLandscapeRight";
				INFOPLIST_KEY_UISupportedInterfaceOrientations_iPhone = "UIInterfaceOrientationPortrait UIInterfaceOrientationLandscapeLeft UIInterfaceOrientationLandscapeRight";
				LD_RUNPATH_SEARCH_PATHS = (
					"$(inherited)",
					"@executable_path/Frameworks",
				);
				MARKETING_VERSION = 1.0;
				PRODUCT_BUNDLE_IDENTIFIER = "A00829837.app-caritas";
				PRODUCT_NAME = "$(TARGET_NAME)";
				SWIFT_EMIT_LOC_STRINGS = YES;
				SWIFT_VERSION = 5.0;
				TARGETED_DEVICE_FAMILY = "1,2";
			};
			name = Release;
		};
		1D0B5AD728C8EEC400237A54 /* Debug */ = {
			isa = XCBuildConfiguration;
			buildSettings = {
				ALWAYS_EMBED_SWIFT_STANDARD_LIBRARIES = YES;
				BUNDLE_LOADER = "$(TEST_HOST)";
				CODE_SIGN_STYLE = Automatic;
				CURRENT_PROJECT_VERSION = 1;
				DEVELOPMENT_TEAM = 5GMK4XVG4X;
				GENERATE_INFOPLIST_FILE = YES;
				IPHONEOS_DEPLOYMENT_TARGET = 15.5;
				MARKETING_VERSION = 1.0;
				PRODUCT_BUNDLE_IDENTIFIER = "A00829837.app-caritasTests";
				PRODUCT_NAME = "$(TARGET_NAME)";
				SWIFT_EMIT_LOC_STRINGS = NO;
				SWIFT_VERSION = 5.0;
				TARGETED_DEVICE_FAMILY = "1,2";
				TEST_HOST = "$(BUILT_PRODUCTS_DIR)/app_caritas.app/app_caritas";
			};
			name = Debug;
		};
		1D0B5AD828C8EEC400237A54 /* Release */ = {
			isa = XCBuildConfiguration;
			buildSettings = {
				ALWAYS_EMBED_SWIFT_STANDARD_LIBRARIES = YES;
				BUNDLE_LOADER = "$(TEST_HOST)";
				CODE_SIGN_STYLE = Automatic;
				CURRENT_PROJECT_VERSION = 1;
				DEVELOPMENT_TEAM = 5GMK4XVG4X;
				GENERATE_INFOPLIST_FILE = YES;
				IPHONEOS_DEPLOYMENT_TARGET = 15.5;
				MARKETING_VERSION = 1.0;
				PRODUCT_BUNDLE_IDENTIFIER = "A00829837.app-caritasTests";
				PRODUCT_NAME = "$(TARGET_NAME)";
				SWIFT_EMIT_LOC_STRINGS = NO;
				SWIFT_VERSION = 5.0;
				TARGETED_DEVICE_FAMILY = "1,2";
				TEST_HOST = "$(BUILT_PRODUCTS_DIR)/app_caritas.app/app_caritas";
			};
			name = Release;
		};
		1D0B5ADA28C8EEC400237A54 /* Debug */ = {
			isa = XCBuildConfiguration;
			buildSettings = {
				ALWAYS_EMBED_SWIFT_STANDARD_LIBRARIES = YES;
				CODE_SIGN_STYLE = Automatic;
				CURRENT_PROJECT_VERSION = 1;
				DEVELOPMENT_TEAM = 5GMK4XVG4X;
				GENERATE_INFOPLIST_FILE = YES;
				MARKETING_VERSION = 1.0;
				PRODUCT_BUNDLE_IDENTIFIER = "A00829837.app-caritasUITests";
				PRODUCT_NAME = "$(TARGET_NAME)";
				SWIFT_EMIT_LOC_STRINGS = NO;
				SWIFT_VERSION = 5.0;
				TARGETED_DEVICE_FAMILY = "1,2";
				TEST_TARGET_NAME = app_caritas;
			};
			name = Debug;
		};
		1D0B5ADB28C8EEC400237A54 /* Release */ = {
			isa = XCBuildConfiguration;
			buildSettings = {
				ALWAYS_EMBED_SWIFT_STANDARD_LIBRARIES = YES;
				CODE_SIGN_STYLE = Automatic;
				CURRENT_PROJECT_VERSION = 1;
				DEVELOPMENT_TEAM = 5GMK4XVG4X;
				GENERATE_INFOPLIST_FILE = YES;
				MARKETING_VERSION = 1.0;
				PRODUCT_BUNDLE_IDENTIFIER = "A00829837.app-caritasUITests";
				PRODUCT_NAME = "$(TARGET_NAME)";
				SWIFT_EMIT_LOC_STRINGS = NO;
				SWIFT_VERSION = 5.0;
				TARGETED_DEVICE_FAMILY = "1,2";
				TEST_TARGET_NAME = app_caritas;
			};
			name = Release;
		};
/* End XCBuildConfiguration section */

/* Begin XCConfigurationList section */
		1D0B5AA428C8EEC300237A54 /* Build configuration list for PBXProject "app_caritas" */ = {
			isa = XCConfigurationList;
			buildConfigurations = (
				1D0B5AD128C8EEC400237A54 /* Debug */,
				1D0B5AD228C8EEC400237A54 /* Release */,
			);
			defaultConfigurationIsVisible = 0;
			defaultConfigurationName = Release;
		};
		1D0B5AD328C8EEC400237A54 /* Build configuration list for PBXNativeTarget "app_caritas" */ = {
			isa = XCConfigurationList;
			buildConfigurations = (
				1D0B5AD428C8EEC400237A54 /* Debug */,
				1D0B5AD528C8EEC400237A54 /* Release */,
			);
			defaultConfigurationIsVisible = 0;
			defaultConfigurationName = Release;
		};
		1D0B5AD628C8EEC400237A54 /* Build configuration list for PBXNativeTarget "app_caritasTests" */ = {
			isa = XCConfigurationList;
			buildConfigurations = (
				1D0B5AD728C8EEC400237A54 /* Debug */,
				1D0B5AD828C8EEC400237A54 /* Release */,
			);
			defaultConfigurationIsVisible = 0;
			defaultConfigurationName = Release;
		};
		1D0B5AD928C8EEC400237A54 /* Build configuration list for PBXNativeTarget "app_caritasUITests" */ = {
			isa = XCConfigurationList;
			buildConfigurations = (
				1D0B5ADA28C8EEC400237A54 /* Debug */,
				1D0B5ADB28C8EEC400237A54 /* Release */,
			);
			defaultConfigurationIsVisible = 0;
			defaultConfigurationName = Release;
		};
/* End XCConfigurationList section */
	};
	rootObject = 1D0B5AA128C8EEC300237A54 /* Project object */;
}
